
Microsoft Visual Studio Solution File, Format Version 12.00
# Visual Studio 15
VisualStudioVersion = 15.0.27130.2020
MinimumVisualStudioVersion = 10.0.40219.1
Project("{FAE04EC0-301F-11D3-BF4B-00C04F79EFBC}") = "ProvaB1", "ProvaB1\ProvaB1.csproj", "{1AE47317-5BDF-4C51-BF2A-AE3136DB2AE5}"
EndProject
Global
	GlobalSection(SolutionConfigurationPlatforms) = preSolution
		Debug|Any CPU = Debug|Any CPU
		Release|Any CPU = Release|Any CPU
	EndGlobalSection
	GlobalSection(ProjectConfigurationPlatforms) = postSolution
		{1AE47317-5BDF-4C51-BF2A-AE3136DB2AE5}.Debug|Any CPU.ActiveCfg = Debug|Any CPU
		{1AE47317-5BDF-4C51-BF2A-AE3136DB2AE5}.Debug|Any CPU.Build.0 = Debug|Any CPU
		{1AE47317-5BDF-4C51-BF2A-AE3136DB2AE5}.Release|Any CPU.ActiveCfg = Release|Any CPU
		{1AE47317-5BDF-4C51-BF2A-AE3136DB2AE5}.Release|Any CPU.Build.0 = Release|Any CPU
	EndGlobalSection
	GlobalSection(SolutionProperties) = preSolution
		HideSolutionNode = FALSE
	EndGlobalSection
	GlobalSection(ExtensibilityGlobals) = postSolution
		SolutionGuid = {54B9F47D-D753-4B0D-AE51-52BC54E9CCBD}
	EndGlobalSection
EndGlobal
